dependencies:
  espressif/nghttp:
    component_hash: e16db3335787c9104404d517236f2c98182038dd03227cacb78f614b5e7ba273
    dependencies:
    - name: idf
      require: private
      version: '>=5.0'
    source:
      registry_url: https://components.espressif.com/
      type: service
    version: 1.68.1
  idf:
    source:
      type: idf
    version: 5.5.1
  nikas-belogolov/nanopb:
    component_hash: 6ab5c72064ab6a748ad72528f007f87c7a090a893eb22fa9af5b6f112259b8c9
    dependencies:
    - name: idf
      require: private
      version: '>=5.0'
    source:
      registry_url: https://components.espressif.com/
      type: service
    version: 0.4.10
direct_dependencies:
- espressif/nghttp
- idf
- nikas-belogolov/nanopb
manifest_hash: 7c81e5165c4ac232c35dcc599dbe974f2e02ba614a28207581c702ab20a4652a
target: esp32s3
version: 2.0.0
